# This file is generated by running "yarn install" inside your project.
# Manual changes might be lost - proceed with caution!

__metadata:
  version: 5

"main@workspace:packages/main":
  version: 0.0.0-use.local
  resolution: "main@workspace:packages/main"
  dependencies:
    optional: "workspace:*"
    required: "workspace:*"
  dependenciesMeta:
    optional:
      optional: true
  languageName: unknown
  linkType: soft

"optional@workspace:*, optional@workspace:packages/optional":
  version: 0.0.0-use.local
  resolution: "optional@workspace:packages/optional"
  languageName: unknown
  linkType: soft

"required@workspace:*, required@workspace:packages/required":
  version: 0.0.0-use.local
  resolution: "required@workspace:packages/required"
  languageName: unknown
  linkType: soft

"workspace-optionals@workspace:.":
  version: 0.0.0-use.local
  resolution: "workspace-optionals@workspace:."
  languageName: unknown
  linkType: soft
